// !$*UTF8*$!
{
	archiveVersion = 1;
	classes = {
	};
	objectVersion = 77;
	objects = {

/* Begin PBXBuildFile section */
		821178572F2D00C80097C54B /* Secrets.xcconfig in Resources */ = {isa = PBXBuildFile; fileRef = 821178562F2D00C80097C54B /* Secrets.xcconfig */; };
		8236A0712EAFB8F70027C79F /* GoogleService-Info.plist in Resources */ = {isa = PBXBuildFile; fileRef = 8236A0702EAFB8F70027C79F /* GoogleService-Info.plist */; };
		824712632EB0D165001D5F01 /* FirebaseAuth in Frameworks */ = {isa = PBXBuildFile; productRef = 824712622EB0D165001D5F01 /* FirebaseAuth */; };
		8247126C2EB137F5001D5F01 /* GoogleService-Info-3.plist in Resources */ = {isa = PBXBuildFile; fileRef = 8247126B2EB137F5001D5F01 /* GoogleService-Info-3.plist */; };
		8247126F2EB1388C001D5F01 /* GoogleSignIn in Frameworks */ = {isa = PBXBuildFile; productRef = 8247126E2EB1388C001D5F01 /* GoogleSignIn */; };
		824712712EB1388C001D5F01 /* GoogleSignInSwift in Frameworks */ = {isa = PBXBuildFile; productRef = 824712702EB1388C001D5F01 /* GoogleSignInSwift */; };
		82AD09FB2F31013900B5A130 /* .gitignore in Resources */ = {isa = PBXBuildFile; fileRef = 82AD09FA2F31013500B5A130 /* .gitignore */; };
/* End PBXBuildFile section */

/* Begin PBXContainerItemProxy section */
		8266D4ED2E9EBB2D007F6972 /* PBXContainerItemProxy */ = {
			isa = PBXContainerItemProxy;
			containerPortal = 8266D4D72E9EBB2C007F6972 /* Project object */;
			proxyType = 1;
			remoteGlobalIDString = 8266D4DE2E9EBB2C007F6972;
			remoteInfo = "AkıllıTabak";
		};
		8266D4F72E9EBB2D007F6972 /* PBXContainerItemProxy */ = {
			isa = PBXContainerItemProxy;
			containerPortal = 8266D4D72E9EBB2C007F6972 /* Project object */;
			proxyType = 1;
			remoteGlobalIDString = 8266D4DE2E9EBB2C007F6972;
			remoteInfo = "AkıllıTabak";
		};
/* End PBXContainerItemProxy section */

/* Begin PBXFileReference section */
		821178562F2D00C80097C54B /* Secrets.xcconfig */ = {isa = PBXFileReference; lastKnownFileType = text.xcconfig; path = Secrets.xcconfig; sourceTree = "<group>"; };
		8236A0702EAFB8F70027C79F /* GoogleService-Info.plist */ = {isa = PBXFileReference; lastKnownFileType = text.plist.xml; path = "GoogleService-Info.plist"; sourceTree = "<group>"; };
		8247126B2EB137F5001D5F01 /* GoogleService-Info-3.plist */ = {isa = PBXFileReference; lastKnownFileType = text.plist.xml; path = "GoogleService-Info-3.plist"; sourceTree = "<group>"; };
		8266D4DF2E9EBB2C007F6972 /* AkıllıTabak.app */ = {isa = PBXFileReference; explicitFileType = wrapper.application; includeInIndex = 0; path = "AkıllıTabak.app"; sourceTree = BUILT_PRODUCTS_DIR; };
		8266D4EC2E9EBB2D007F6972 /* AkıllıTabakTests.xctest */ = {isa = PBXFileReference; explicitFileType = wrapper.cfbundle; includeInIndex = 0; path = "AkıllıTabakTests.xctest"; sourceTree = BUILT_PRODUCTS_DIR; };
		8266D4F62E9EBB2D007F6972 /* AkıllıTabakUITests.xctest */ = {isa = PBXFileReference; explicitFileType = wrapper.cfbundle; includeInIndex = 0; path = "AkıllıTabakUITests.xctest"; sourceTree = BUILT_PRODUCTS_DIR; };
		82AD09FA2F31013500B5A130 /* .gitignore */ = {isa = PBXFileReference; lastKnownFileType = text; path = .gitignore; sourceTree = "<group>"; };
/* End PBXFileReference section */

/* Begin PBXFileSystemSynchronizedRootGroup section */
		823A53392F2534D1000C846C /* Services */ = {
			isa = PBXFileSystemSynchronizedRootGroup;
			path = Services;
			sourceTree = "<group>";
		};
		823F751D2ED77C7500F7A15B /* Localication */ = {
			isa = PBXFileSystemSynchronizedRootGroup;
			path = Localication;
			sourceTree = "<group>";
		};
		82463F8E2F2A0DC300DDC55F /* Diets */ = {
			isa = PBXFileSystemSynchronizedRootGroup;
			path = Diets;
			sourceTree = "<group>";
		};
		8266D4E12E9EBB2C007F6972 /* AkıllıTabak */ = {
			isa = PBXFileSystemSynchronizedRootGroup;
			path = "AkıllıTabak";
			sourceTree = "<group>";
		};
		8266D4EF2E9EBB2D007F6972 /* AkıllıTabakTests */ = {
			isa = PBXFileSystemSynchronizedRootGroup;
			path = "AkıllıTabakTests";
			sourceTree = "<group>";
		};
		8266D4F92E9EBB2D007F6972 /* AkıllıTabakUITests */ = {
			isa = PBXFileSystemSynchronizedRootGroup;
			path = "AkıllıTabakUITests";
			sourceTree = "<group>";
		};
		82E586A22E9FF8510056BCB5 /* Data */ = {
			isa = PBXFileSystemSynchronizedRootGroup;
			path = Data;
			sourceTree = "<group>";
		};
		82E586A32E9FF8580056BCB5 /* View */ = {
			isa = PBXFileSystemSynchronizedRootGroup;
			path = View;
			sourceTree = "<group>";
		};
		82E586A42E9FF8D80056BCB5 /* Model */ = {
			isa = PBXFileSystemSynchronizedRootGroup;
			path = Model;
			sourceTree = "<group>";
		};
		82E586A52E9FF8DE0056BCB5 /* App */ = {
			isa = PBXFileSystemSynchronizedRootGroup;
			path = App;
			sourceTree = "<group>";
		};
		82FFF9502F43B232000FD844 /* Recipes */ = {
			isa = PBXFileSystemSynchronizedRootGroup;
			path = Recipes;
			sourceTree = "<group>";
		};
		82FFF9552F43B879000FD844 /* Doctors */ = {
			isa = PBXFileSystemSynchronizedRootGroup;
			path = Doctors;
			sourceTree = "<group>";
		};
/* End PBXFileSystemSynchronizedRootGroup section */

/* Begin PBXFrameworksBuildPhase section */
		8266D4DC2E9EBB2C007F6972 /* Frameworks */ = {
			isa = PBXFrameworksBuildPhase;
			buildActionMask = 2147483647;
			files = (
				824712712EB1388C001D5F01 /* GoogleSignInSwift in Frameworks */,
				824712632EB0D165001D5F01 /* FirebaseAuth in Frameworks */,
				8247126F2EB1388C001D5F01 /* GoogleSignIn in Frameworks */,
			);
			runOnlyForDeploymentPostprocessing = 0;
		};
		8266D4E92E9EBB2D007F6972 /* Frameworks */ = {
			isa = PBXFrameworksBuildPhase;
			buildActionMask = 2147483647;
			files = (
			);
			runOnlyForDeploymentPostprocessing = 0;
		};
		8266D4F32E9EBB2D007F6972 /* Frameworks */ = {
			isa = PBXFrameworksBuildPhase;
			buildActionMask = 2147483647;
			files = (
			);
			runOnlyForDeploymentPostprocessing = 0;
		};
/* End PBXFrameworksBuildPhase section */

/* Begin PBXGroup section */
		8266D4D62E9EBB2C007F6972 = {
			isa = PBXGroup;
			children = (
				82FFF9552F43B879000FD844 /* Doctors */,
				82FFF9502F43B232000FD844 /* Recipes */,
				82AD09FA2F31013500B5A130 /* .gitignore */,
				821178562F2D00C80097C54B /* Secrets.xcconfig */,
				82463F8E2F2A0DC300DDC55F /* Diets */,
				823A53392F2534D1000C846C /* Services */,
				823F751D2ED77C7500F7A15B /* Localication */,
				82E586A52E9FF8DE0056BCB5 /* App */,
				82E586A42E9FF8D80056BCB5 /* Model */,
				82E586A32E9FF8580056BCB5 /* View */,
				82E586A22E9FF8510056BCB5 /* Data */,
				8266D4E12E9EBB2C007F6972 /* AkıllıTabak */,
				8266D4EF2E9EBB2D007F6972 /* AkıllıTabakTests */,
				8266D4F92E9EBB2D007F6972 /* AkıllıTabakUITests */,
				8266D4E02E9EBB2C007F6972 /* Products */,
				8236A0702EAFB8F70027C79F /* GoogleService-Info.plist */,
				8247126B2EB137F5001D5F01 /* GoogleService-Info-3.plist */,
			);
			sourceTree = "<group>";
		};
		8266D4E02E9EBB2C007F6972 /* Products */ = {
			isa = PBXGroup;
			children = (
				8266D4DF2E9EBB2C007F6972 /* AkıllıTabak.app */,
				8266D4EC2E9EBB2D007F6972 /* AkıllıTabakTests.xctest */,
				8266D4F62E9EBB2D007F6972 /* AkıllıTabakUITests.xctest */,
			);
			name = Products;
			sourceTree = "<group>";
		};
/* End PBXGroup section */

/* Begin PBXNativeTarget section */
		8266D4DE2E9EBB2C007F6972 /* AkıllıTabak */ = {
			isa = PBXNativeTarget;
			buildConfigurationList = 8266D5002E9EBB2D007F6972 /* Build configuration list for PBXNativeTarget "AkıllıTabak" */;
			buildPhases = (
				8266D4DB2E9EBB2C007F6972 /* Sources */,
				8266D4DC2E9EBB2C007F6972 /* Frameworks */,
				8266D4DD2E9EBB2C007F6972 /* Resources */,
			);
			buildRules = (
			);
			dependencies = (
			);
			fileSystemSynchronizedGroups = (
				823A53392F2534D1000C846C /* Services */,
				823F751D2ED77C7500F7A15B /* Localication */,
				82463F8E2F2A0DC300DDC55F /* Diets */,
				8266D4E12E9EBB2C007F6972 /* AkıllıTabak */,
				82E586A22E9FF8510056BCB5 /* Data */,
				82E586A32E9FF8580056BCB5 /* View */,
				82E586A42E9FF8D80056BCB5 /* Model */,
				82E586A52E9FF8DE0056BCB5 /* App */,
				82FFF9502F43B232000FD844 /* Recipes */,
				82FFF9552F43B879000FD844 /* Doctors */,
			);
			name = "AkıllıTabak";
			packageProductDependencies = (
				824712622EB0D165001D5F01 /* FirebaseAuth */,
				8247126E2EB1388C001D5F01 /* GoogleSignIn */,
				824712702EB1388C001D5F01 /* GoogleSignInSwift */,
			);
			productName = "AkıllıTabak";
			productReference = 8266D4DF2E9EBB2C007F6972 /* AkıllıTabak.app */;
			productType = "com.apple.product-type.application";
		};
		8266D4EB2E9EBB2D007F6972 /* AkıllıTabakTests */ = {
			isa = PBXNativeTarget;
			buildConfigurationList = 8266D5032E9EBB2D007F6972 /* Build configuration list for PBXNativeTarget "AkıllıTabakTests" */;
			buildPhases = (
				8266D4E82E9EBB2D007F6972 /* Sources */,
				8266D4E92E9EBB2D007F6972 /* Frameworks */,
				8266D4EA2E9EBB2D007F6972 /* Resources */,
			);
			buildRules = (
			);
			dependencies = (
				8266D4EE2E9EBB2D007F6972 /* PBXTargetDependency */,
			);
			fileSystemSynchronizedGroups = (
				8266D4EF2E9EBB2D007F6972 /* AkıllıTabakTests */,
			);
			name = "AkıllıTabakTests";
			packageProductDependencies = (
			);
			productName = "AkıllıTabakTests";
			productReference = 8266D4EC2E9EBB2D007F6972 /* AkıllıTabakTests.xctest */;
			productType = "com.apple.product-type.bundle.unit-test";
		};
		8266D4F52E9EBB2D007F6972 /* AkıllıTabakUITests */ = {
			isa = PBXNativeTarget;
			buildConfigurationList = 8266D5062E9EBB2D007F6972 /* Build configuration list for PBXNativeTarget "AkıllıTabakUITests" */;
			buildPhases = (
				8266D4F22E9EBB2D007F6972 /* Sources */,
				8266D4F32E9EBB2D007F6972 /* Frameworks */,
				8266D4F42E9EBB2D007F6972 /* Resources */,
			);
			buildRules = (
			);
			dependencies = (
				8266D4F82E9EBB2D007F6972 /* PBXTargetDependency */,
			);
			fileSystemSynchronizedGroups = (
				8266D4F92E9EBB2D007F6972 /* AkıllıTabakUITests */,
			);
			name = "AkıllıTabakUITests";
			packageProductDependencies = (
			);
			productName = "AkıllıTabakUITests";
			productReference = 8266D4F62E9EBB2D007F6972 /* AkıllıTabakUITests.xctest */;
			productType = "com.apple.product-type.bundle.ui-testing";
		};
/* End PBXNativeTarget section */

/* Begin PBXProject section */
		8266D4D72E9EBB2C007F6972 /* Project object */ = {
			isa = PBXProject;
			attributes = {
				BuildIndependentTargetsInParallel = 1;
				LastSwiftUpdateCheck = 1640;
				LastUpgradeCheck = 1640;
				TargetAttributes = {
					8266D4DE2E9EBB2C007F6972 = {
						CreatedOnToolsVersion = 16.4;
					};
					8266D4EB2E9EBB2D007F6972 = {
						CreatedOnToolsVersion = 16.4;
						TestTargetID = 8266D4DE2E9EBB2C007F6972;
					};
					8266D4F52E9EBB2D007F6972 = {
						CreatedOnToolsVersion = 16.4;
						TestTargetID = 8266D4DE2E9EBB2C007F6972;
					};
				};
			};
			buildConfigurationList = 8266D4DA2E9EBB2C007F6972 /* Build configuration list for PBXProject "AkıllıTabak" */;
			developmentRegion = en;
			hasScannedForEncodings = 0;
			knownRegions = (
				en,
				Base,
				tr,
				fr,
			);
			mainGroup = 8266D4D62E9EBB2C007F6972;
			minimizedProjectReferenceProxies = 1;
			packageReferences = (
				824712612EB0D165001D5F01 /* XCRemoteSwiftPackageReference "firebase-ios-sdk" */,
				8247126D2EB1388C001D5F01 /* XCRemoteSwiftPackageReference "GoogleSignIn-iOS" */,
			);
			preferredProjectObjectVersion = 77;
			productRefGroup = 8266D4E02E9EBB2C007F6972 /* Products */;
			projectDirPath = "";
			projectRoot = "";
			targets = (
				8266D4DE2E9EBB2C007F6972 /* AkıllıTabak */,
				8266D4EB2E9EBB2D007F6972 /* AkıllıTabakTests */,
				8266D4F52E9EBB2D007F6972 /* AkıllıTabakUITests */,
			);
		};
/* End PBXProject section */

/* Begin PBXResourcesBuildPhase section */
		8266D4DD2E9EBB2C007F6972 /* Resources */ = {
			isa = PBXResourcesBuildPhase;
			buildActionMask = 2147483647;
			files = (
				821178572F2D00C80097C54B /* Secrets.xcconfig in Resources */,
				8247126C2EB137F5001D5F01 /* GoogleService-Info-3.plist in Resources */,
				8236A0712EAFB8F70027C79F /* GoogleService-Info.plist in Resources */,
				82AD09FB2F31013900B5A130 /* .gitignore in Resources */,
			);
			runOnlyForDeploymentPostprocessing = 0;
		};
		8266D4EA2E9EBB2D007F6972 /* Resources */ = {
			isa = PBXResourcesBuildPhase;
			buildActionMask = 2147483647;
			files = (
			);
			runOnlyForDeploymentPostprocessing = 0;
		};
		8266D4F42E9EBB2D007F6972 /* Resources */ = {
			isa = PBXResourcesBuildPhase;
			buildActionMask = 2147483647;
			files = (
			);
			runOnlyForDeploymentPostprocessing = 0;
		};
/* End PBXResourcesBuildPhase section */

/* Begin PBXSourcesBuildPhase section */
		8266D4DB2E9EBB2C007F6972 /* Sources */ = {
			isa = PBXSourcesBuildPhase;
			buildActionMask = 2147483647;
			files = (
			);
			runOnlyForDeploymentPostprocessing = 0;
		};
		8266D4E82E9EBB2D007F6972 /* Sources */ = {
			isa = PBXSourcesBuildPhase;
			buildActionMask = 2147483647;
			files = (
			);
			runOnlyForDeploymentPostprocessing = 0;
		};
		8266D4F22E9EBB2D007F6972 /* Sources */ = {
			isa = PBXSourcesBuildPhase;
			buildActionMask = 2147483647;
			files = (
			);
			runOnlyForDeploymentPostprocessing = 0;
		};
/* End PBXSourcesBuildPhase section */

/* Begin PBXTargetDependency section */
		8266D4EE2E9EBB2D007F6972 /* PBXTargetDependency */ = {
			isa = PBXTargetDependency;
			target = 8266D4DE2E9EBB2C007F6972 /* AkıllıTabak */;
			targetProxy = 8266D4ED2E9EBB2D007F6972 /* PBXContainerItemProxy */;
		};
		8266D4F82E9EBB2D007F6972 /* PBXTargetDependency */ = {
			isa = PBXTargetDependency;
			target = 8266D4DE2E9EBB2C007F6972 /* AkıllıTabak */;
			targetProxy = 8266D4F72E9EBB2D007F6972 /* PBXContainerItemProxy */;
		};
/* End PBXTargetDependency section */

/* Begin XCBuildConfiguration section */
		8266D4FE2E9EBB2D007F6972 /* Debug */ = {
			isa = XCBuildConfiguration;
			buildSettings = {
				ALWAYS_SEARCH_USER_PATHS = NO;
				ASSETCATALOG_COMPILER_GENERATE_SWIFT_ASSET_SYMBOL_EXTENSIONS = YES;
				CLANG_ANALYZER_LOCALIZABILITY_NONLOCALIZED = YES;
				CLANG_ANALYZER_NONNULL = YES;
				CLANG_ANALYZER_NUMBER_OBJECT_CONVERSION = YES_AGGRESSIVE;
				CLANG_CXX_LANGUAGE_STANDARD = "gnu++20";
				CLANG_ENABLE_MODULES = YES;
				CLANG_ENABLE_OBJC_ARC = YES;
				CLANG_ENABLE_OBJC_WEAK = YES;
				CLANG_WARN_BLOCK_CAPTURE_AUTORELEASING = YES;
				CLANG_WARN_BOOL_CONVERSION = YES;
				CLANG_WARN_COMMA = YES;
				CLANG_WARN_CONSTANT_CONVERSION = YES;
				CLANG_WARN_DEPRECATED_OBJC_IMPLEMENTATIONS = YES;
				CLANG_WARN_DIRECT_OBJC_ISA_USAGE = YES_ERROR;
				CLANG_WARN_DOCUMENTATION_COMMENTS = YES;
				CLANG_WARN_EMPTY_BODY = YES;
				CLANG_WARN_ENUM_CONVERSION = YES;
				CLANG_WARN_INFINITE_RECURSION = YES;
				CLANG_WARN_INT_CONVERSION = YES;
				CLANG_WARN_NON_LITERAL_NULL_CONVERSION = YES;
				CLANG_WARN_OBJC_IMPLICIT_RETAIN_SELF = YES;
				CLANG_WARN_OBJC_LITERAL_CONVERSION = YES;
				CLANG_WARN_OBJC_ROOT_CLASS = YES_ERROR;
				CLANG_WARN_QUOTED_INCLUDE_IN_FRAMEWORK_HEADER = YES;
				CLANG_WARN_RANGE_LOOP_ANALYSIS = YES;
				CLANG_WARN_STRICT_PROTOTYPES = YES;
				CLANG_WARN_SUSPICIOUS_MOVE = YES;
				CLANG_WARN_UNGUARDED_AVAILABILITY = YES_AGGRESSIVE;
				CLANG_WARN_UNREACHABLE_CODE = YES;
				CLANG_WARN__DUPLICATE_METHOD_MATCH = YES;
				COPY_PHASE_STRIP = NO;
				DEBUG_INFORMATION_FORMAT = dwarf;
				DEVELOPMENT_TEAM = D7WC8T3HYL;
				ENABLE_STRICT_OBJC_MSGSEND = YES;
				ENABLE_TESTABILITY = YES;
				ENABLE_USER_SCRIPT_SANDBOXING = YES;
				GCC_C_LANGUAGE_STANDARD = gnu17;
				GCC_DYNAMIC_NO_PIC = NO;
				GCC_NO_COMMON_BLOCKS = YES;
				GCC_OPTIMIZATION_LEVEL = 0;
				GCC_PREPROCESSOR_DEFINITIONS = (
					"DEBUG=1",
					"$(inherited)",
				);
				GCC_WARN_64_TO_32_BIT_CONVERSION = YES;
				GCC_WARN_ABOUT_RETURN_TYPE = YES_ERROR;
				GCC_WARN_UNDECLARED_SELECTOR = YES;
				GCC_WARN_UNINITIALIZED_AUTOS = YES_AGGRESSIVE;
				GCC_WARN_UNUSED_FUNCTION = YES;
				GCC_WARN_UNUSED_VARIABLE = YES;
				IPHONEOS_DEPLOYMENT_TARGET = 18.5;
				LOCALIZATION_PREFERS_STRING_CATALOGS = YES;
				MTL_ENABLE_DEBUG_INFO = INCLUDE_SOURCE;
				MTL_FAST_MATH = YES;
				ONLY_ACTIVE_ARCH = YES;
				SDKROOT = iphoneos;
				SWIFT_ACTIVE_COMPILATION_CONDITIONS = "DEBUG $(inherited)";
				SWIFT_OPTIMIZATION_LEVEL = "-Onone";
			};
			name = Debug;
		};
		8266D4FF2E9EBB2D007F6972 /* Release */ = {
			isa = XCBuildConfiguration;
			buildSettings = {
				ALWAYS_SEARCH_USER_PATHS = NO;
				ASSETCATALOG_COMPILER_GENERATE_SWIFT_ASSET_SYMBOL_EXTENSIONS = YES;
				CLANG_ANALYZER_LOCALIZABILITY_NONLOCALIZED = YES;
				CLANG_ANALYZER_NONNULL = YES;
				CLANG_ANALYZER_NUMBER_OBJECT_CONVERSION = YES_AGGRESSIVE;
				CLANG_CXX_LANGUAGE_STANDARD = "gnu++20";
				CLANG_ENABLE_MODULES = YES;
				CLANG_ENABLE_OBJC_ARC = YES;
				CLANG_ENABLE_OBJC_WEAK = YES;
				CLANG_WARN_BLOCK_CAPTURE_AUTORELEASING = YES;
				CLANG_WARN_BOOL_CONVERSION = YES;
				CLANG_WARN_COMMA = YES;
				CLANG_WARN_CONSTANT_CONVERSION = YES;
				CLANG_WARN_DEPRECATED_OBJC_IMPLEMENTATIONS = YES;
				CLANG_WARN_DIRECT_OBJC_ISA_USAGE = YES_ERROR;
				CLANG_WARN_DOCUMENTATION_COMMENTS = YES;
				CLANG_WARN_EMPTY_BODY = YES;
				CLANG_WARN_ENUM_CONVERSION = YES;
				CLANG_WARN_INFINITE_RECURSION = YES;
				CLANG_WARN_INT_CONVERSION = YES;
				CLANG_WARN_NON_LITERAL_NULL_CONVERSION = YES;
				CLANG_WARN_OBJC_IMPLICIT_RETAIN_SELF = YES;
				CLANG_WARN_OBJC_LITERAL_CONVERSION = YES;
				CLANG_WARN_OBJC_ROOT_CLASS = YES_ERROR;
				CLANG_WARN_QUOTED_INCLUDE_IN_FRAMEWORK_HEADER = YES;
				CLANG_WARN_RANGE_LOOP_ANALYSIS = YES;
				CLANG_WARN_STRICT_PROTOTYPES = YES;
				CLANG_WARN_SUSPICIOUS_MOVE = YES;
				CLANG_WARN_UNGUARDED_AVAILABILITY = YES_AGGRESSIVE;
				CLANG_WARN_UNREACHABLE_CODE = YES;
				CLANG_WARN__DUPLICATE_METHOD_MATCH = YES;
				COPY_PHASE_STRIP = NO;
				DEBUG_INFORMATION_FORMAT = "dwarf-with-dsym";
				DEVELOPMENT_TEAM = D7WC8T3HYL;
				ENABLE_NS_ASSERTIONS = NO;
				ENABLE_STRICT_OBJC_MSGSEND = YES;
				ENABLE_USER_SCRIPT_SANDBOXING = YES;
				GCC_C_LANGUAGE_STANDARD = gnu17;
				GCC_NO_COMMON_BLOCKS = YES;
				GCC_WARN_64_TO_32_BIT_CONVERSION = YES;
				GCC_WARN_ABOUT_RETURN_TYPE = YES_ERROR;
				GCC_WARN_UNDECLARED_SELECTOR = YES;
				GCC_WARN_UNINITIALIZED_AUTOS = YES_AGGRESSIVE;
				GCC_WARN_UNUSED_FUNCTION = YES;
				GCC_WARN_UNUSED_VARIABLE = YES;
				IPHONEOS_DEPLOYMENT_TARGET = 18.5;
				LOCALIZATION_PREFERS_STRING_CATALOGS = YES;
				MTL_ENABLE_DEBUG_INFO = NO;
				MTL_FAST_MATH = YES;
				SDKROOT = iphoneos;
				SWIFT_COMPILATION_MODE = wholemodule;
				VALIDATE_PRODUCT = YES;
			};
			name = Release;
		};
		8266D5012E9EBB2D007F6972 /* Debug */ = {
			isa = XCBuildConfiguration;
			buildSettings = {
				ASSETCATALOG_COMPILER_APPICON_NAME = AppIcon;
				ASSETCATALOG_COMPILER_GLOBAL_ACCENT_COLOR_NAME = AccentColor;
				CODE_SIGN_STYLE = Automatic;
				CURRENT_PROJECT_VERSION = 1;
				DEVELOPMENT_TEAM = D7WC8T3HYL;
				ENABLE_PREVIEWS = YES;
				GENERATE_INFOPLIST_FILE = YES;
				INFOPLIST_KEY_NSCameraUsageDescription = "Tabaktaki yiyecekleri algılamak için kamera erişimi gerekiyor.\n";
				INFOPLIST_KEY_UIApplicationSceneManifest_Generation = YES;
				INFOPLIST_KEY_UIApplicationSupportsIndirectInputEvents = YES;
				INFOPLIST_KEY_UILaunchScreen_Generation = YES;
				INFOPLIST_KEY_UISupportedInterfaceOrientations_iPad = "UIInterfaceOrientationPortrait UIInterfaceOrientationPortraitUpsideDown UIInterfaceOrientationLandscapeLeft UIInterfaceOrientationLandscapeRight";
				INFOPLIST_KEY_UISupportedInterfaceOrientations_iPhone = "UIInterfaceOrientationPortrait UIInterfaceOrientationLandscapeLeft UIInterfaceOrientationLandscapeRight";
				LD_RUNPATH_SEARCH_PATHS = (
					"$(inherited)",
					"@executable_path/Frameworks",
				);
				MARKETING_VERSION = 1.0;
				PRODUCT_BUNDLE_IDENTIFIER = "baharatbas.Ak-ll-Tabak";
				PRODUCT_NAME = "$(TARGET_NAME)";
				SWIFT_EMIT_LOC_STRINGS = YES;
				SWIFT_VERSION = 5.0;
				TARGETED_DEVICE_FAMILY = "1,2";
			};
			name = Debug;
		};
		8266D5022E9EBB2D007F6972 /* Release */ = {
			isa = XCBuildConfiguration;
			buildSettings = {
				ASSETCATALOG_COMPILER_APPICON_NAME = AppIcon;
				ASSETCATALOG_COMPILER_GLOBAL_ACCENT_COLOR_NAME = AccentColor;
				CODE_SIGN_STYLE = Automatic;
				CURRENT_PROJECT_VERSION = 1;
				DEVELOPMENT_TEAM = D7WC8T3HYL;
				ENABLE_PREVIEWS = YES;
				GENERATE_INFOPLIST_FILE = YES;
				INFOPLIST_KEY_NSCameraUsageDescription = "Tabaktaki yiyecekleri algılamak için kamera erişimi gerekiyor.\n";
				INFOPLIST_KEY_UIApplicationSceneManifest_Generation = YES;
				INFOPLIST_KEY_UIApplicationSupportsIndirectInputEvents = YES;
				INFOPLIST_KEY_UILaunchScreen_Generation = YES;
				INFOPLIST_KEY_UISupportedInterfaceOrientations_iPad = "UIInterfaceOrientationPortrait UIInterfaceOrientationPortraitUpsideDown UIInterfaceOrientationLandscapeLeft UIInterfaceOrientationLandscapeRight";
				INFOPLIST_KEY_UISupportedInterfaceOrientations_iPhone = "UIInterfaceOrientationPortrait UIInterfaceOrientationLandscapeLeft UIInterfaceOrientationLandscapeRight";
				LD_RUNPATH_SEARCH_PATHS = (
					"$(inherited)",
					"@executable_path/Frameworks",
				);
				MARKETING_VERSION = 1.0;
				PRODUCT_BUNDLE_IDENTIFIER = "baharatbas.Ak-ll-Tabak";
				PRODUCT_NAME = "$(TARGET_NAME)";
				SWIFT_EMIT_LOC_STRINGS = YES;
				SWIFT_VERSION = 5.0;
				TARGETED_DEVICE_FAMILY = "1,2";
			};
			name = Release;
		};
		8266D5042E9EBB2D007F6972 /* Debug */ = {
			isa = XCBuildConfiguration;
			buildSettings = {
				BUNDLE_LOADER = "$(TEST_HOST)";
				CODE_SIGN_STYLE = Automatic;
				CURRENT_PROJECT_VERSION = 1;
				DEVELOPMENT_TEAM = D7WC8T3HYL;
				GENERATE_INFOPLIST_FILE = YES;
				IPHONEOS_DEPLOYMENT_TARGET = 18.5;
				MARKETING_VERSION = 1.0;
				PRODUCT_BUNDLE_IDENTIFIER = "baharatbas.Ak-ll-TabakTests";
				PRODUCT_NAME = "$(TARGET_NAME)";
				SWIFT_EMIT_LOC_STRINGS = NO;
				SWIFT_VERSION = 5.0;
				TARGETED_DEVICE_FAMILY = "1,2";
				TEST_HOST = "$(BUILT_PRODUCTS_DIR)/AkıllıTabak.app/$(BUNDLE_EXECUTABLE_FOLDER_PATH)/AkıllıTabak";
			};
			name = Debug;
		};
		8266D5052E9EBB2D007F6972 /* Release */ = {
			isa = XCBuildConfiguration;
			buildSettings = {
				BUNDLE_LOADER = "$(TEST_HOST)";
				CODE_SIGN_STYLE = Automatic;
				CURRENT_PROJECT_VERSION = 1;
				DEVELOPMENT_TEAM = D7WC8T3HYL;
				GENERATE_INFOPLIST_FILE = YES;
				IPHONEOS_DEPLOYMENT_TARGET = 18.5;
				MARKETING_VERSION = 1.0;
				PRODUCT_BUNDLE_IDENTIFIER = "baharatbas.Ak-ll-TabakTests";
				PRODUCT_NAME = "$(TARGET_NAME)";
				SWIFT_EMIT_LOC_STRINGS = NO;
				SWIFT_VERSION = 5.0;
				TARGETED_DEVICE_FAMILY = "1,2";
				TEST_HOST = "$(BUILT_PRODUCTS_DIR)/AkıllıTabak.app/$(BUNDLE_EXECUTABLE_FOLDER_PATH)/AkıllıTabak";
			};
			name = Release;
		};
		8266D5072E9EBB2D007F6972 /* Debug */ = {
			isa = XCBuildConfiguration;
			buildSettings = {
				CODE_SIGN_STYLE = Automatic;
				CURRENT_PROJECT_VERSION = 1;
				DEVELOPMENT_TEAM = D7WC8T3HYL;
				GENERATE_INFOPLIST_FILE = YES;
				MARKETING_VERSION = 1.0;
				PRODUCT_BUNDLE_IDENTIFIER = "baharatbas.Ak-ll-TabakUITests";
				PRODUCT_NAME = "$(TARGET_NAME)";
				SWIFT_EMIT_LOC_STRINGS = NO;
				SWIFT_VERSION = 5.0;
				TARGETED_DEVICE_FAMILY = "1,2";
				TEST_TARGET_NAME = "AkıllıTabak";
			};
			name = Debug;
		};
		8266D5082E9EBB2D007F6972 /* Release */ = {
			isa = XCBuildConfiguration;
			buildSettings = {
				CODE_SIGN_STYLE = Automatic;
				CURRENT_PROJECT_VERSION = 1;
				DEVELOPMENT_TEAM = D7WC8T3HYL;
				GENERATE_INFOPLIST_FILE = YES;
				MARKETING_VERSION = 1.0;
				PRODUCT_BUNDLE_IDENTIFIER = "baharatbas.Ak-ll-TabakUITests";
				PRODUCT_NAME = "$(TARGET_NAME)";
				SWIFT_EMIT_LOC_STRINGS = NO;
				SWIFT_VERSION = 5.0;
				TARGETED_DEVICE_FAMILY = "1,2";
				TEST_TARGET_NAME = "AkıllıTabak";
			};
			name = Release;
		};
/* End XCBuildConfiguration section */

/* Begin XCConfigurationList section */
		8266D4DA2E9EBB2C007F6972 /* Build configuration list for PBXProject "AkıllıTabak" */ = {
			isa = XCConfigurationList;
			buildConfigurations = (
				8266D4FE2E9EBB2D007F6972 /* Debug */,
				8266D4FF2E9EBB2D007F6972 /* Release */,
			);
			defaultConfigurationIsVisible = 0;
			defaultConfigurationName = Release;
		};
		8266D5002E9EBB2D007F6972 /* Build configuration list for PBXNativeTarget "AkıllıTabak" */ = {
			isa = XCConfigurationList;
			buildConfigurations = (
				8266D5012E9EBB2D007F6972 /* Debug */,
				8266D5022E9EBB2D007F6972 /* Release */,
			);
			defaultConfigurationIsVisible = 0;
			defaultConfigurationName = Release;
		};
		8266D5032E9EBB2D007F6972 /* Build configuration list for PBXNativeTarget "AkıllıTabakTests" */ = {
			isa = XCConfigurationList;
			buildConfigurations = (
				8266D5042E9EBB2D007F6972 /* Debug */,
				8266D5052E9EBB2D007F6972 /* Release */,
			);
			defaultConfigurationIsVisible = 0;
			defaultConfigurationName = Release;
		};
		8266D5062E9EBB2D007F6972 /* Build configuration list for PBXNativeTarget "AkıllıTabakUITests" */ = {
			isa = XCConfigurationList;
			buildConfigurations = (
				8266D5072E9EBB2D007F6972 /* Debug */,
				8266D5082E9EBB2D007F6972 /* Release */,
			);
			defaultConfigurationIsVisible = 0;
			defaultConfigurationName = Release;
		};
/* End XCConfigurationList section */

/* Begin XCRemoteSwiftPackageReference section */
		824712612EB0D165001D5F01 /* XCRemoteSwiftPackageReference "firebase-ios-sdk" */ = {
			isa = XCRemoteSwiftPackageReference;
			repositoryURL = "https://github.com/firebase/firebase-ios-sdk";
			requirement = {
				kind = upToNextMajorVersion;
				minimumVersion = 12.4.0;
			};
		};
		8247126D2EB1388C001D5F01 /* XCRemoteSwiftPackageReference "GoogleSignIn-iOS" */ = {
			isa = XCRemoteSwiftPackageReference;
			repositoryURL = "https://github.com/google/GoogleSignIn-iOS";
			requirement = {
				kind = upToNextMajorVersion;
				minimumVersion = 9.0.0;
			};
		};
/* End XCRemoteSwiftPackageReference section */

/* Begin XCSwiftPackageProductDependency section */
		824712622EB0D165001D5F01 /* FirebaseAuth */ = {
			isa = XCSwiftPackageProductDependency;
			package = 824712612EB0D165001D5F01 /* XCRemoteSwiftPackageReference "firebase-ios-sdk" */;
			productName = FirebaseAuth;
		};
		8247126E2EB1388C001D5F01 /* GoogleSignIn */ = {
			isa = XCSwiftPackageProductDependency;
			package = 8247126D2EB1388C001D5F01 /* XCRemoteSwiftPackageReference "GoogleSignIn-iOS" */;
			productName = GoogleSignIn;
		};
		824712702EB1388C001D5F01 /* GoogleSignInSwift */ = {
			isa = XCSwiftPackageProductDependency;
			package = 8247126D2EB1388C001D5F01 /* XCRemoteSwiftPackageReference "GoogleSignIn-iOS" */;
			productName = GoogleSignInSwift;
		};
/* End XCSwiftPackageProductDependency section */
	};
	rootObject = 8266D4D72E9EBB2C007F6972 /* Project object */;
}
